
Microsoft Visual Studio Solution File, Format Version 12.00
# Visual Studio Version 17
VisualStudioVersion = 17.14.36327.8 d17.14
MinimumVisualStudioVersion = 10.0.40219.1
Project("{FAE04EC0-301F-11D3-BF4B-00C04F79EFBC}") = "Reverse", "ConsoleApp1\Reverse.csproj", "{5632D230-E62B-4F1D-8AB5-250464B68B89}"
EndProject
Project("{FAE04EC0-301F-11D3-BF4B-00C04F79EFBC}") = "Count Words in Dictionary", "Count Words in Dictionary\Count Words in Dictionary.csproj", "{AD9C6F8C-BB6B-45FF-A454-6750860557A2}"
EndProject
Project("{FAE04EC0-301F-11D3-BF4B-00C04F79EFBC}") = "LINQ", "LINQ\LINQ.csproj", "{0298BB14-D2E0-434C-952A-4472CA664187}"
EndProject
Project("{FAE04EC0-301F-11D3-BF4B-00C04F79EFBC}") = "HtmlPages", "HtmlPages\HtmlPages.csproj", "{927EB270-0142-44AB-95C4-807086A06CFE}"
EndProject
Project("{FAE04EC0-301F-11D3-BF4B-00C04F79EFBC}") = "Async Methods", "Async Methods\Async Methods.csproj", "{943E9CB9-D987-4886-A9DC-A1CA8FA7952C}"
EndProject
Global
	GlobalSection(SolutionConfigurationPlatforms) = preSolution
		Debug|Any CPU = Debug|Any CPU
		Release|Any CPU = Release|Any CPU
	EndGlobalSection
	GlobalSection(ProjectConfigurationPlatforms) = postSolution
		{5632D230-E62B-4F1D-8AB5-250464B68B89}.Debug|Any CPU.ActiveCfg = Debug|Any CPU
		{5632D230-E62B-4F1D-8AB5-250464B68B89}.Debug|Any CPU.Build.0 = Debug|Any CPU
		{5632D230-E62B-4F1D-8AB5-250464B68B89}.Release|Any CPU.ActiveCfg = Release|Any CPU
		{5632D230-E62B-4F1D-8AB5-250464B68B89}.Release|Any CPU.Build.0 = Release|Any CPU
		{AD9C6F8C-BB6B-45FF-A454-6750860557A2}.Debug|Any CPU.ActiveCfg = Debug|Any CPU
		{AD9C6F8C-BB6B-45FF-A454-6750860557A2}.Debug|Any CPU.Build.0 = Debug|Any CPU
		{AD9C6F8C-BB6B-45FF-A454-6750860557A2}.Release|Any CPU.ActiveCfg = Release|Any CPU
		{AD9C6F8C-BB6B-45FF-A454-6750860557A2}.Release|Any CPU.Build.0 = Release|Any CPU
		{0298BB14-D2E0-434C-952A-4472CA664187}.Debug|Any CPU.ActiveCfg = Debug|Any CPU
		{0298BB14-D2E0-434C-952A-4472CA664187}.Debug|Any CPU.Build.0 = Debug|Any CPU
		{0298BB14-D2E0-434C-952A-4472CA664187}.Release|Any CPU.ActiveCfg = Release|Any CPU
		{0298BB14-D2E0-434C-952A-4472CA664187}.Release|Any CPU.Build.0 = Release|Any CPU
		{927EB270-0142-44AB-95C4-807086A06CFE}.Debug|Any CPU.ActiveCfg = Debug|Any CPU
		{927EB270-0142-44AB-95C4-807086A06CFE}.Debug|Any CPU.Build.0 = Debug|Any CPU
		{927EB270-0142-44AB-95C4-807086A06CFE}.Release|Any CPU.ActiveCfg = Release|Any CPU
		{927EB270-0142-44AB-95C4-807086A06CFE}.Release|Any CPU.Build.0 = Release|Any CPU
		{943E9CB9-D987-4886-A9DC-A1CA8FA7952C}.Debug|Any CPU.ActiveCfg = Debug|Any CPU
		{943E9CB9-D987-4886-A9DC-A1CA8FA7952C}.Debug|Any CPU.Build.0 = Debug|Any CPU
		{943E9CB9-D987-4886-A9DC-A1CA8FA7952C}.Release|Any CPU.ActiveCfg = Release|Any CPU
		{943E9CB9-D987-4886-A9DC-A1CA8FA7952C}.Release|Any CPU.Build.0 = Release|Any CPU
	EndGlobalSection
	GlobalSection(SolutionProperties) = preSolution
		HideSolutionNode = FALSE
	EndGlobalSection
	GlobalSection(ExtensibilityGlobals) = postSolution
		SolutionGuid = {82EFDA7C-D476-4C03-856D-D697E07741ED}
	EndGlobalSection
EndGlobal
